
Microsoft Visual Studio Solution File, Format Version 12.00
# Visual Studio Version 16
VisualStudioVersion = 16.0.30907.101
MinimumVisualStudioVersion = 10.0.40219.1
Project("{FAE04EC0-301F-11D3-BF4B-00C04F79EFBC}") = "StackEditWorkspaceConverter", "StackEditWorkspaceConverter\StackEditWorkspaceConverter.csproj", "{1CCC965C-3855-44A3-A80A-F825A78C39DA}"
EndProject
Global
	GlobalSection(SolutionConfigurationPlatforms) = preSolution
		Debug|Any CPU = Debug|Any CPU
		Release|Any CPU = Release|Any CPU
	EndGlobalSection
	GlobalSection(ProjectConfigurationPlatforms) = postSolution
		{1CCC965C-3855-44A3-A80A-F825A78C39DA}.Debug|Any CPU.ActiveCfg = Debug|Any CPU
		{1CCC965C-3855-44A3-A80A-F825A78C39DA}.Debug|Any CPU.Build.0 = Debug|Any CPU
		{1CCC965C-3855-44A3-A80A-F825A78C39DA}.Release|Any CPU.ActiveCfg = Release|Any CPU
		{1CCC965C-3855-44A3-A80A-F825A78C39DA}.Release|Any CPU.Build.0 = Release|Any CPU
	EndGlobalSection
	GlobalSection(SolutionProperties) = preSolution
		HideSolutionNode = FALSE
	EndGlobalSection
	GlobalSection(ExtensibilityGlobals) = postSolution
		SolutionGuid = {23216717-E285-48A2-B683-68B6C9243B54}
	EndGlobalSection
EndGlobal
